
Microsoft Visual Studio Solution File, Format Version 12.00
# Visual Studio Version 17
VisualStudioVersion = 17.0.32126.317
MinimumVisualStudioVersion = 10.0.40219.1
Project("{FAE04EC0-301F-11D3-BF4B-00C04F79EFBC}") = "e-commerce", "e-commerce\e-commerce.csproj", "{5A592A49-F547-4452-AA96-E3C0F591AB22}"
EndProject
Global
	GlobalSection(SolutionConfigurationPlatforms) = preSolution
		Debug|Any CPU = Debug|Any CPU
		Release|Any CPU = Release|Any CPU
	EndGlobalSection
	GlobalSection(ProjectConfigurationPlatforms) = postSolution
		{5A592A49-F547-4452-AA96-E3C0F591AB22}.Debug|Any CPU.ActiveCfg = Debug|Any CPU
		{5A592A49-F547-4452-AA96-E3C0F591AB22}.Debug|Any CPU.Build.0 = Debug|Any CPU
		{5A592A49-F547-4452-AA96-E3C0F591AB22}.Release|Any CPU.ActiveCfg = Release|Any CPU
		{5A592A49-F547-4452-AA96-E3C0F591AB22}.Release|Any CPU.Build.0 = Release|Any CPU
	EndGlobalSection
	GlobalSection(SolutionProperties) = preSolution
		HideSolutionNode = FALSE
	EndGlobalSection
	GlobalSection(ExtensibilityGlobals) = postSolution
		SolutionGuid = {65E8EA63-1F4B-4831-B1E5-C1F6DCCEDDA4}
	EndGlobalSection
EndGlobal
